dependencies:
- name: common
  repository: https://charts.bitnami.com/bitnami
  version: 1.4.1
- name: mysql
  repository: https://charts.bitnami.com/bitnami
  version: 8.8.3
- name: redis
  repository: https://charts.bitnami.com/bitnami
  version: 14.8.8
- name: elasticsearch
  repository: https://charts.bitnami.com/bitnami
  version: 17.5.2
- name: rabbitmq
  repository: https://charts.bitnami.com/bitnami
  version: 8.20.1
- name: influxdb
  repository: https://charts.bitnami.com/bitnami
  version: 2.3.7
- name: nginx-ingress-controller
  repository: https://charts.bitnami.com/bitnami
  version: 7.6.21
digest: sha256:f498d0b18b15345a248e8f5f24bde41c02d930d8c1f4dcc4ac8875cb605ff474
generated: "2021-12-15T15:51:32.561113178+08:00"
