dependencies:
- name: mysql
  repository: https://charts.bitnami.com/bitnami
  version: 10.3.0
- name: redis
  repository: https://charts.bitnami.com/bitnami
  version: 16.13.2
digest: sha256:9dd2b2e5c9f2072511412562de827393a73d51dd089edba6a840628ff099b922
generated: "2024-09-11T11:36:01.739446389+08:00"
