dependencies:
- name: common
  repository: https://charts.bitnami.com/bitnami
  version: 2.19.1
- name: mysql
  repository: https://charts.bitnami.com/bitnami
  version: 10.3.0
- name: redis
  repository: https://charts.bitnami.com/bitnami
  version: 16.13.2
- name: elasticsearch
  repository: https://raw.githubusercontent.com/bitnami/charts/eb5f9a9513d987b519f0ecd732e7031241c50328/bitnami
  version: 17.5.4
- name: rabbitmq
  repository: https://charts.bitnami.com/bitnami
  version: 10.3.9
- name: influxdb
  repository: https://raw.githubusercontent.com/bitnami/charts/eb5f9a9513d987b519f0ecd732e7031241c50328/bitnami
  version: 5.3.1
- name: nginx-ingress-controller
  repository: https://raw.githubusercontent.com/bitnami/charts/eb5f9a9513d987b519f0ecd732e7031241c50328/bitnami
  version: 7.6.21
- name: mongodb
  repository: https://raw.githubusercontent.com/bitnami/charts/eb5f9a9513d987b519f0ecd732e7031241c50328/bitnami
  version: 10.30.6
- name: kubernetes-manager
  repository: file://./local_chart/kubernetes-management
  version: 0.0.45
digest: sha256:1e5313e309a3f09f8c465311bc8ff656add7ab3fa98fd0631c37b10549e78ac3
generated: "2024-09-10T17:38:20.94026202+08:00"
